// !$*UTF8*$!
{
	archiveVersion = 1;
	classes = {
	};
	objectVersion = 46;
	objects = {

/* Begin PBXBuildFile section */
		17020C2E14F36B10008A2DB3 /* MediaItem.m in Sources */ = {isa = PBXBuildFile; fileRef = 17020C2D14F36B10008A2DB3 /* MediaItem.m */; };
		17020C3514F4A99B008A2DB3 /* Playlist.m in Sources */ = {isa = PBXBuildFile; fileRef = 17020C3414F4A99B008A2DB3 /* Playlist.m */; };
		17020C3914F7404E008A2DB3 /* RJMusicManager.m in Sources */ = {isa = PBXBuildFile; fileRef = 17020C3814F7404E008A2DB3 /* RJMusicManager.m */; };
		17040AA3148A120500231BD9 /* MediaPlayer.framework in Frameworks */ = {isa = PBXBuildFile; fileRef = 17040AA2148A120500231BD9 /* MediaPlayer.framework */; };
		1705DD7514D63674009439D4 /* RJFirstViewController.m in Sources */ = {isa = PBXBuildFile; fileRef = 1705DD6E14D63674009439D4 /* RJFirstViewController.m */; };
		1705DD7614D63674009439D4 /* RJFourthViewController.m in Sources */ = {isa = PBXBuildFile; fileRef = 1705DD7014D63674009439D4 /* RJFourthViewController.m */; };
		1705DD7714D63674009439D4 /* RJSecondViewController.m in Sources */ = {isa = PBXBuildFile; fileRef = 1705DD7214D63674009439D4 /* RJSecondViewController.m */; };
		1705DD7814D63674009439D4 /* RJThirdViewController.m in Sources */ = {isa = PBXBuildFile; fileRef = 1705DD7414D63674009439D4 /* RJThirdViewController.m */; };
		171D65AC150B219F00537231 /* Device.m in Sources */ = {isa = PBXBuildFile; fileRef = 171D65AB150B219F00537231 /* Device.m */; };
		1738DDD514EE1A5E00D5AF21 /* MPMediaItemCollection+Utils.m in Sources */ = {isa = PBXBuildFile; fileRef = 1738DDD414EE1A5E00D5AF21 /* MPMediaItemCollection+Utils.m */; };
		17396A1C14E62B9F00F19B8C /* RJSessionManager.m in Sources */ = {isa = PBXBuildFile; fileRef = 17396A1B14E62B9F00F19B8C /* RJSessionManager.m */; };
		175CDCCB148AFA7300B385E8 /* NSArray+PageableArray.m in Sources */ = {isa = PBXBuildFile; fileRef = 175CDCCA148AFA7300B385E8 /* NSArray+PageableArray.m */; };
		175CDCCC148AFA7300B385E8 /* NSArray+PageableArray.m in Sources */ = {isa = PBXBuildFile; fileRef = 175CDCCA148AFA7300B385E8 /* NSArray+PageableArray.m */; };
		178685BE14C7D4C4000EDF48 /* PayloadTranslator.m in Sources */ = {isa = PBXBuildFile; fileRef = 178685BD14C7D4C4000EDF48 /* PayloadTranslator.m */; };
		178685BF14C7D4C4000EDF48 /* PayloadTranslator.m in Sources */ = {isa = PBXBuildFile; fileRef = 178685BD14C7D4C4000EDF48 /* PayloadTranslator.m */; };
		1792A78214D5141E00D2EDC4 /* RJPlaylistViewController.m in Sources */ = {isa = PBXBuildFile; fileRef = 1792A78014D5141E00D2EDC4 /* RJPlaylistViewController.m */; };
		1792A78314D5141E00D2EDC4 /* RJPlaylistViewController.xib in Resources */ = {isa = PBXBuildFile; fileRef = 1792A78114D5141E00D2EDC4 /* RJPlaylistViewController.xib */; };
		1792A78914D519B100D2EDC4 /* PlaylistItem.m in Sources */ = {isa = PBXBuildFile; fileRef = 1792A78814D519B000D2EDC4 /* PlaylistItem.m */; };
		17ACB39F14789242008832E5 /* UIKit.framework in Frameworks */ = {isa = PBXBuildFile; fileRef = 17ACB39E14789242008832E5 /* UIKit.framework */; };
		17ACB3A114789242008832E5 /* Foundation.framework in Frameworks */ = {isa = PBXBuildFile; fileRef = 17ACB3A014789242008832E5 /* Foundation.framework */; };
		17ACB3A314789242008832E5 /* CoreGraphics.framework in Frameworks */ = {isa = PBXBuildFile; fileRef = 17ACB3A214789242008832E5 /* CoreGraphics.framework */; };
		17ACB3A914789242008832E5 /* InfoPlist.strings in Resources */ = {isa = PBXBuildFile; fileRef = 17ACB3A714789242008832E5 /* InfoPlist.strings */; };
		17ACB3AB14789242008832E5 /* main.m in Sources */ = {isa = PBXBuildFile; fileRef = 17ACB3AA14789242008832E5 /* main.m */; };
		17ACB3AF14789242008832E5 /* RJAppDelegate.m in Sources */ = {isa = PBXBuildFile; fileRef = 17ACB3AE14789242008832E5 /* RJAppDelegate.m */; };
		17ACB3B214789242008832E5 /* MainStoryboard_iPhone.storyboard in Resources */ = {isa = PBXBuildFile; fileRef = 17ACB3B014789242008832E5 /* MainStoryboard_iPhone.storyboard */; };
		17ACB3B514789242008832E5 /* MainStoryboard_iPad.storyboard in Resources */ = {isa = PBXBuildFile; fileRef = 17ACB3B314789242008832E5 /* MainStoryboard_iPad.storyboard */; };
		17ACB3BA14789242008832E5 /* first.png in Resources */ = {isa = PBXBuildFile; fileRef = 17ACB3B914789242008832E5 /* first.png */; };
		17ACB3BC14789242008832E5 /* first@2x.png in Resources */ = {isa = PBXBuildFile; fileRef = 17ACB3BB14789242008832E5 /* first@2x.png */; };
		17ACB3C114789242008832E5 /* second.png in Resources */ = {isa = PBXBuildFile; fileRef = 17ACB3C014789242008832E5 /* second.png */; };
		17ACB3C314789242008832E5 /* second@2x.png in Resources */ = {isa = PBXBuildFile; fileRef = 17ACB3C214789242008832E5 /* second@2x.png */; };
		17ACB3CB14789242008832E5 /* SenTestingKit.framework in Frameworks */ = {isa = PBXBuildFile; fileRef = 17ACB3CA14789242008832E5 /* SenTestingKit.framework */; };
		17ACB3CC14789242008832E5 /* UIKit.framework in Frameworks */ = {isa = PBXBuildFile; fileRef = 17ACB39E14789242008832E5 /* UIKit.framework */; };
		17ACB3CD14789242008832E5 /* Foundation.framework in Frameworks */ = {isa = PBXBuildFile; fileRef = 17ACB3A014789242008832E5 /* Foundation.framework */; };
		17ACB3D514789242008832E5 /* InfoPlist.strings in Resources */ = {isa = PBXBuildFile; fileRef = 17ACB3D314789242008832E5 /* InfoPlist.strings */; };
		17ACB3D814789242008832E5 /* PartyMixTests.m in Sources */ = {isa = PBXBuildFile; fileRef = 17ACB3D714789242008832E5 /* PartyMixTests.m */; };
		17ACB3E2147893B3008832E5 /* GameKit.framework in Frameworks */ = {isa = PBXBuildFile; fileRef = 17ACB3E1147893B3008832E5 /* GameKit.framework */; };
		17D7581A14E833CB008183B1 /* RJMusicPlayerInterface.m in Sources */ = {isa = PBXBuildFile; fileRef = 17D7581814E833CB008183B1 /* RJMusicPlayerInterface.m */; };
		17D7581B14E833CB008183B1 /* RJMusicPlayerInterface.xib in Resources */ = {isa = PBXBuildFile; fileRef = 17D7581914E833CB008183B1 /* RJMusicPlayerInterface.xib */; };
		17D7581F14E83971008183B1 /* UIFactory.m in Sources */ = {isa = PBXBuildFile; fileRef = 17D7581E14E83971008183B1 /* UIFactory.m */; };
		17D8824914BE8D8F004D3722 /* DataModel.xcdatamodeld in Sources */ = {isa = PBXBuildFile; fileRef = 17D8824714BE8D8F004D3722 /* DataModel.xcdatamodeld */; };
		17D8825314BFF07D004D3722 /* DataModel.m in Sources */ = {isa = PBXBuildFile; fileRef = 17D8825214BFF07D004D3722 /* DataModel.m */; };
		17D8825914BFF631004D3722 /* CoreData.framework in Frameworks */ = {isa = PBXBuildFile; fileRef = 17D8825814BFF631004D3722 /* CoreData.framework */; };
		17FCA61714C00BD8004DDAA8 /* MediaItem+Additions.m in Sources */ = {isa = PBXBuildFile; fileRef = 17FCA61614C00BD8004DDAA8 /* MediaItem+Additions.m */; };
		17FCA61814C00BD8004DDAA8 /* MediaItem+Additions.m in Sources */ = {isa = PBXBuildFile; fileRef = 17FCA61614C00BD8004DDAA8 /* MediaItem+Additions.m */; };
		17FCA61B14C01077004DDAA8 /* FetchedResultsBackedTableViewController.m in Sources */ = {isa = PBXBuildFile; fileRef = 17FCA61A14C01077004DDAA8 /* FetchedResultsBackedTableViewController.m */; };
		17FCA61C14C01077004DDAA8 /* FetchedResultsBackedTableViewController.m in Sources */ = {isa = PBXBuildFile; fileRef = 17FCA61A14C01077004DDAA8 /* FetchedResultsBackedTableViewController.m */; };
/* End PBXBuildFile section */

/* Begin PBXContainerItemProxy section */
		17ACB3CE14789242008832E5 /* PBXContainerItemProxy */ = {
			isa = PBXContainerItemProxy;
			containerPortal = 17ACB39114789241008832E5 /* Project object */;
			proxyType = 1;
			remoteGlobalIDString = 17ACB39914789242008832E5;
			remoteInfo = PartyMix;
		};
/* End PBXContainerItemProxy section */

/* Begin PBXFileReference section */
		17020C2C14F36B10008A2DB3 /* MediaItem.h */ = {isa = PBXFileReference; fileEncoding = 4; lastKnownFileType = sourcecode.c.h; name = MediaItem.h; path = "DataModel/Generated Data Model/MediaItem.h"; sourceTree = "<group>"; };
		17020C2D14F36B10008A2DB3 /* MediaItem.m */ = {isa = PBXFileReference; fileEncoding = 4; lastKnownFileType = sourcecode.c.objc; name = MediaItem.m; path = "DataModel/Generated Data Model/MediaItem.m"; sourceTree = "<group>"; };
		17020C3314F4A99B008A2DB3 /* Playlist.h */ = {isa = PBXFileReference; fileEncoding = 4; lastKnownFileType = sourcecode.c.h; name = Playlist.h; path = "DataModel/Generated Data Model/Playlist.h"; sourceTree = "<group>"; };
		17020C3414F4A99B008A2DB3 /* Playlist.m */ = {isa = PBXFileReference; fileEncoding = 4; lastKnownFileType = sourcecode.c.objc; name = Playlist.m; path = "DataModel/Generated Data Model/Playlist.m"; sourceTree = "<group>"; };
		17020C3714F7404E008A2DB3 /* RJMusicManager.h */ = {isa = PBXFileReference; fileEncoding = 4; lastKnownFileType = sourcecode.c.h; name = RJMusicManager.h; path = MusicManager/RJMusicManager.h; sourceTree = "<group>"; };
		17020C3814F7404E008A2DB3 /* RJMusicManager.m */ = {isa = PBXFileReference; fileEncoding = 4; lastKnownFileType = sourcecode.c.objc; name = RJMusicManager.m; path = MusicManager/RJMusicManager.m; sourceTree = "<group>"; };
		17040AA2148A120500231BD9 /* MediaPlayer.framework */ = {isa = PBXFileReference; lastKnownFileType = wrapper.framework; name = MediaPlayer.framework; path = System/Library/Frameworks/MediaPlayer.framework; sourceTree = SDKROOT; };
		1705DD6D14D63674009439D4 /* RJFirstViewController.h */ = {isa = PBXFileReference; fileEncoding = 4; lastKnownFileType = sourcecode.c.h; name = RJFirstViewController.h; path = PrototypeUI/RJFirstViewController.h; sourceTree = "<group>"; };
		1705DD6E14D63674009439D4 /* RJFirstViewController.m */ = {isa = PBXFileReference; fileEncoding = 4; lastKnownFileType = sourcecode.c.objc; name = RJFirstViewController.m; path = PrototypeUI/RJFirstViewController.m; sourceTree = "<group>"; };
		1705DD6F14D63674009439D4 /* RJFourthViewController.h */ = {isa = PBXFileReference; fileEncoding = 4; lastKnownFileType = sourcecode.c.h; name = RJFourthViewController.h; path = PrototypeUI/RJFourthViewController.h; sourceTree = "<group>"; };
		1705DD7014D63674009439D4 /* RJFourthViewController.m */ = {isa = PBXFileReference; fileEncoding = 4; lastKnownFileType = sourcecode.c.objc; name = RJFourthViewController.m; path = PrototypeUI/RJFourthViewController.m; sourceTree = "<group>"; };
		1705DD7114D63674009439D4 /* RJSecondViewController.h */ = {isa = PBXFileReference; fileEncoding = 4; lastKnownFileType = sourcecode.c.h; name = RJSecondViewController.h; path = PrototypeUI/RJSecondViewController.h; sourceTree = "<group>"; };
		1705DD7214D63674009439D4 /* RJSecondViewController.m */ = {isa = PBXFileReference; fileEncoding = 4; lastKnownFileType = sourcecode.c.objc; name = RJSecondViewController.m; path = PrototypeUI/RJSecondViewController.m; sourceTree = "<group>"; };
		1705DD7314D63674009439D4 /* RJThirdViewController.h */ = {isa = PBXFileReference; fileEncoding = 4; lastKnownFileType = sourcecode.c.h; name = RJThirdViewController.h; path = PrototypeUI/RJThirdViewController.h; sourceTree = "<group>"; };
		1705DD7414D63674009439D4 /* RJThirdViewController.m */ = {isa = PBXFileReference; fileEncoding = 4; lastKnownFileType = sourcecode.c.objc; name = RJThirdViewController.m; path = PrototypeUI/RJThirdViewController.m; sourceTree = "<group>"; };
		171D65AA150B219F00537231 /* Device.h */ = {isa = PBXFileReference; fileEncoding = 4; lastKnownFileType = sourcecode.c.h; name = Device.h; path = "DataModel/Generated Data Model/Device.h"; sourceTree = "<group>"; };
		171D65AB150B219F00537231 /* Device.m */ = {isa = PBXFileReference; fileEncoding = 4; lastKnownFileType = sourcecode.c.objc; name = Device.m; path = "DataModel/Generated Data Model/Device.m"; sourceTree = "<group>"; };
		1738DDD314EE1A5E00D5AF21 /* MPMediaItemCollection+Utils.h */ = {isa = PBXFileReference; fileEncoding = 4; lastKnownFileType = sourcecode.c.h; name = "MPMediaItemCollection+Utils.h"; path = "lib/MPMediaItemCollection+Utils.h"; sourceTree = "<group>"; };
		1738DDD414EE1A5E00D5AF21 /* MPMediaItemCollection+Utils.m */ = {isa = PBXFileReference; fileEncoding = 4; lastKnownFileType = sourcecode.c.objc; name = "MPMediaItemCollection+Utils.m"; path = "lib/MPMediaItemCollection+Utils.m"; sourceTree = "<group>"; };
		17396A1A14E62B9F00F19B8C /* RJSessionManager.h */ = {isa = PBXFileReference; fileEncoding = 4; lastKnownFileType = sourcecode.c.h; name = RJSessionManager.h; path = SessionManager/RJSessionManager.h; sourceTree = "<group>"; };
		17396A1B14E62B9F00F19B8C /* RJSessionManager.m */ = {isa = PBXFileReference; fileEncoding = 4; lastKnownFileType = sourcecode.c.objc; name = RJSessionManager.m; path = SessionManager/RJSessionManager.m; sourceTree = "<group>"; };
		175CDCC9148AFA7300B385E8 /* NSArray+PageableArray.h */ = {isa = PBXFileReference; fileEncoding = 4; lastKnownFileType = sourcecode.c.h; name = "NSArray+PageableArray.h"; path = "lib/NSArray+PageableArray.h"; sourceTree = "<group>"; };
		175CDCCA148AFA7300B385E8 /* NSArray+PageableArray.m */ = {isa = PBXFileReference; fileEncoding = 4; lastKnownFileType = sourcecode.c.objc; name = "NSArray+PageableArray.m"; path = "lib/NSArray+PageableArray.m"; sourceTree = "<group>"; };
		178685BC14C7D4C4000EDF48 /* PayloadTranslator.h */ = {isa = PBXFileReference; fileEncoding = 4; lastKnownFileType = sourcecode.c.h; name = PayloadTranslator.h; path = PartyMix/PayloadTranslator.h; sourceTree = "<group>"; };
		178685BD14C7D4C4000EDF48 /* PayloadTranslator.m */ = {isa = PBXFileReference; fileEncoding = 4; lastKnownFileType = sourcecode.c.objc; name = PayloadTranslator.m; path = PartyMix/PayloadTranslator.m; sourceTree = "<group>"; };
		178685C014C7E29A000EDF48 /* common.h */ = {isa = PBXFileReference; fileEncoding = 4; lastKnownFileType = sourcecode.c.h; path = common.h; sourceTree = "<group>"; };
		1792A77F14D5141E00D2EDC4 /* RJPlaylistViewController.h */ = {isa = PBXFileReference; fileEncoding = 4; lastKnownFileType = sourcecode.c.h; path = RJPlaylistViewController.h; sourceTree = "<group>"; };
		1792A78014D5141E00D2EDC4 /* RJPlaylistViewController.m */ = {isa = PBXFileReference; fileEncoding = 4; lastKnownFileType = sourcecode.c.objc; path = RJPlaylistViewController.m; sourceTree = "<group>"; };
		1792A78114D5141E00D2EDC4 /* RJPlaylistViewController.xib */ = {isa = PBXFileReference; fileEncoding = 4; lastKnownFileType = file.xib; path = RJPlaylistViewController.xib; sourceTree = "<group>"; };
		1792A78714D519B000D2EDC4 /* PlaylistItem.h */ = {isa = PBXFileReference; fileEncoding = 4; lastKnownFileType = sourcecode.c.h; name = PlaylistItem.h; path = "DataModel/Generated Data Model/PlaylistItem.h"; sourceTree = "<group>"; };
		1792A78814D519B000D2EDC4 /* PlaylistItem.m */ = {isa = PBXFileReference; fileEncoding = 4; lastKnownFileType = sourcecode.c.objc; name = PlaylistItem.m; path = "DataModel/Generated Data Model/PlaylistItem.m"; sourceTree = "<group>"; };
		17ACB39A14789242008832E5 /* partymix.app */ = {isa = PBXFileReference; explicitFileType = wrapper.application; includeInIndex = 0; path = partymix.app; sourceTree = BUILT_PRODUCTS_DIR; };
		17ACB39E14789242008832E5 /* UIKit.framework */ = {isa = PBXFileReference; lastKnownFileType = wrapper.framework; name = UIKit.framework; path = System/Library/Frameworks/UIKit.framework; sourceTree = SDKROOT; };
		17ACB3A014789242008832E5 /* Foundation.framework */ = {isa = PBXFileReference; lastKnownFileType = wrapper.framework; name = Foundation.framework; path = System/Library/Frameworks/Foundation.framework; sourceTree = SDKROOT; };
		17ACB3A214789242008832E5 /* CoreGraphics.framework */ = {isa = PBXFileReference; lastKnownFileType = wrapper.framework; name = CoreGraphics.framework; path = System/Library/Frameworks/CoreGraphics.framework; sourceTree = SDKROOT; };
		17ACB3A614789242008832E5 /* PartyMix-Info.plist */ = {isa = PBXFileReference; lastKnownFileType = text.plist.xml; path = "PartyMix-Info.plist"; sourceTree = "<group>"; };
		17ACB3A814789242008832E5 /* en */ = {isa = PBXFileReference; lastKnownFileType = text.plist.strings; name = en; path = en.lproj/InfoPlist.strings; sourceTree = "<group>"; };
		17ACB3AA14789242008832E5 /* main.m */ = {isa = PBXFileReference; lastKnownFileType = sourcecode.c.objc; path = main.m; sourceTree = "<group>"; };
		17ACB3AC14789242008832E5 /* PartyMix-Prefix.pch */ = {isa = PBXFileReference; lastKnownFileType = sourcecode.c.h; path = "PartyMix-Prefix.pch"; sourceTree = "<group>"; };
		17ACB3AD14789242008832E5 /* RJAppDelegate.h */ = {isa = PBXFileReference; lastKnownFileType = sourcecode.c.h; path = RJAppDelegate.h; sourceTree = "<group>"; };
		17ACB3AE14789242008832E5 /* RJAppDelegate.m */ = {isa = PBXFileReference; lastKnownFileType = sourcecode.c.objc; path = RJAppDelegate.m; sourceTree = "<group>"; };
		17ACB3B114789242008832E5 /* en */ = {isa = PBXFileReference; lastKnownFileType = file.storyboard; name = en; path = en.lproj/MainStoryboard_iPhone.storyboard; sourceTree = "<group>"; };
		17ACB3B414789242008832E5 /* en */ = {isa = PBXFileReference; lastKnownFileType = file.storyboard; name = en; path = en.lproj/MainStoryboard_iPad.storyboard; sourceTree = "<group>"; };
		17ACB3B914789242008832E5 /* first.png */ = {isa = PBXFileReference; lastKnownFileType = image.png; path = first.png; sourceTree = "<group>"; };
		17ACB3BB14789242008832E5 /* first@2x.png */ = {isa = PBXFileReference; lastKnownFileType = image.png; path = "first@2x.png"; sourceTree = "<group>"; };
		17ACB3C014789242008832E5 /* second.png */ = {isa = PBXFileReference; lastKnownFileType = image.png; path = second.png; sourceTree = "<group>"; };
		17ACB3C214789242008832E5 /* second@2x.png */ = {isa = PBXFileReference; lastKnownFileType = image.png; path = "second@2x.png"; sourceTree = "<group>"; };
		17ACB3C914789242008832E5 /* PartyMixTests.octest */ = {isa = PBXFileReference; explicitFileType = wrapper.cfbundle; includeInIndex = 0; path = PartyMixTests.octest; sourceTree = BUILT_PRODUCTS_DIR; };
		17ACB3CA14789242008832E5 /* SenTestingKit.framework */ = {isa = PBXFileReference; lastKnownFileType = wrapper.framework; name = SenTestingKit.framework; path = Library/Frameworks/SenTestingKit.framework; sourceTree = DEVELOPER_DIR; };
		17ACB3D214789242008832E5 /* PartyMixTests-Info.plist */ = {isa = PBXFileReference; lastKnownFileType = text.plist.xml; path = "PartyMixTests-Info.plist"; sourceTree = "<group>"; };
		17ACB3D414789242008832E5 /* en */ = {isa = PBXFileReference; lastKnownFileType = text.plist.strings; name = en; path = en.lproj/InfoPlist.strings; sourceTree = "<group>"; };
		17ACB3D614789242008832E5 /* PartyMixTests.h */ = {isa = PBXFileReference; lastKnownFileType = sourcecode.c.h; path = PartyMixTests.h; sourceTree = "<group>"; };
		17ACB3D714789242008832E5 /* PartyMixTests.m */ = {isa = PBXFileReference; lastKnownFileType = sourcecode.c.objc; path = PartyMixTests.m; sourceTree = "<group>"; };
		17ACB3E1147893B3008832E5 /* GameKit.framework */ = {isa = PBXFileReference; lastKnownFileType = wrapper.framework; name = GameKit.framework; path = System/Library/Frameworks/GameKit.framework; sourceTree = SDKROOT; };
		17D7581714E833CB008183B1 /* RJMusicPlayerInterface.h */ = {isa = PBXFileReference; fileEncoding = 4; lastKnownFileType = sourcecode.c.h; name = RJMusicPlayerInterface.h; path = PrototypeUI/RJMusicPlayerInterface.h; sourceTree = "<group>"; };
		17D7581814E833CB008183B1 /* RJMusicPlayerInterface.m */ = {isa = PBXFileReference; fileEncoding = 4; lastKnownFileType = sourcecode.c.objc; name = RJMusicPlayerInterface.m; path = PrototypeUI/RJMusicPlayerInterface.m; sourceTree = "<group>"; };
		17D7581914E833CB008183B1 /* RJMusicPlayerInterface.xib */ = {isa = PBXFileReference; fileEncoding = 4; lastKnownFileType = file.xib; name = RJMusicPlayerInterface.xib; path = PrototypeUI/RJMusicPlayerInterface.xib; sourceTree = "<group>"; };
		17D7581D14E83971008183B1 /* UIFactory.h */ = {isa = PBXFileReference; fileEncoding = 4; lastKnownFileType = sourcecode.c.h; name = UIFactory.h; path = lib/UIFactory.h; sourceTree = "<group>"; };
		17D7581E14E83971008183B1 /* UIFactory.m */ = {isa = PBXFileReference; fileEncoding = 4; lastKnownFileType = sourcecode.c.objc; name = UIFactory.m; path = lib/UIFactory.m; sourceTree = "<group>"; };
		17D8824814BE8D8F004D3722 /* DataModel.xcdatamodel */ = {isa = PBXFileReference; lastKnownFileType = wrapper.xcdatamodel; path = DataModel.xcdatamodel; sourceTree = "<group>"; };
		17D8825114BFF07D004D3722 /* DataModel.h */ = {isa = PBXFileReference; fileEncoding = 4; lastKnownFileType = sourcecode.c.h; name = DataModel.h; path = DataModel/DataModel.h; sourceTree = "<group>"; };
		17D8825214BFF07D004D3722 /* DataModel.m */ = {isa = PBXFileReference; fileEncoding = 4; lastKnownFileType = sourcecode.c.objc; name = DataModel.m; path = DataModel/DataModel.m; sourceTree = "<group>"; };
		17D8825814BFF631004D3722 /* CoreData.framework */ = {isa = PBXFileReference; lastKnownFileType = wrapper.framework; name = CoreData.framework; path = System/Library/Frameworks/CoreData.framework; sourceTree = SDKROOT; };
		17FCA61514C00BD8004DDAA8 /* MediaItem+Additions.h */ = {isa = PBXFileReference; fileEncoding = 4; lastKnownFileType = sourcecode.c.h; name = "MediaItem+Additions.h"; path = "DataModel/MediaItem+Additions.h"; sourceTree = "<group>"; };
		17FCA61614C00BD8004DDAA8 /* MediaItem+Additions.m */ = {isa = PBXFileReference; fileEncoding = 4; lastKnownFileType = sourcecode.c.objc; name = "MediaItem+Additions.m"; path = "DataModel/MediaItem+Additions.m"; sourceTree = "<group>"; };
		17FCA61914C01077004DDAA8 /* FetchedResultsBackedTableViewController.h */ = {isa = PBXFileReference; fileEncoding = 4; lastKnownFileType = sourcecode.c.h; path = FetchedResultsBackedTableViewController.h; sourceTree = "<group>"; };
		17FCA61A14C01077004DDAA8 /* FetchedResultsBackedTableViewController.m */ = {isa = PBXFileReference; fileEncoding = 4; lastKnownFileType = sourcecode.c.objc; path = FetchedResultsBackedTableViewController.m; sourceTree = "<group>"; };
/* End PBXFileReference section */

/* Begin PBXFrameworksBuildPhase section */
		17ACB39714789242008832E5 /* Frameworks */ = {
			isa = PBXFrameworksBuildPhase;
			buildActionMask = 2147483647;
			files = (
				17D8825914BFF631004D3722 /* CoreData.framework in Frameworks */,
				17040AA3148A120500231BD9 /* MediaPlayer.framework in Frameworks */,
				17ACB3E2147893B3008832E5 /* GameKit.framework in Frameworks */,
				17ACB39F14789242008832E5 /* UIKit.framework in Frameworks */,
				17ACB3A114789242008832E5 /* Foundation.framework in Frameworks */,
				17ACB3A314789242008832E5 /* CoreGraphics.framework in Frameworks */,
			);
			runOnlyForDeploymentPostprocessing = 0;
		};
		17ACB3C514789242008832E5 /* Frameworks */ = {
			isa = PBXFrameworksBuildPhase;
			buildActionMask = 2147483647;
			files = (
				17ACB3CB14789242008832E5 /* SenTestingKit.framework in Frameworks */,
				17ACB3CC14789242008832E5 /* UIKit.framework in Frameworks */,
				17ACB3CD14789242008832E5 /* Foundation.framework in Frameworks */,
			);
			runOnlyForDeploymentPostprocessing = 0;
		};
/* End PBXFrameworksBuildPhase section */

/* Begin PBXGroup section */
		17020C3614F7402B008A2DB3 /* Music Manager */ = {
			isa = PBXGroup;
			children = (
				17020C3714F7404E008A2DB3 /* RJMusicManager.h */,
				17020C3814F7404E008A2DB3 /* RJMusicManager.m */,
			);
			name = "Music Manager";
			sourceTree = "<group>";
		};
		17040AA5148AF98C00231BD9 /* lib */ = {
			isa = PBXGroup;
			children = (
				175CDCC9148AFA7300B385E8 /* NSArray+PageableArray.h */,
				175CDCCA148AFA7300B385E8 /* NSArray+PageableArray.m */,
				17D7581D14E83971008183B1 /* UIFactory.h */,
				17D7581E14E83971008183B1 /* UIFactory.m */,
				1738DDD314EE1A5E00D5AF21 /* MPMediaItemCollection+Utils.h */,
				1738DDD414EE1A5E00D5AF21 /* MPMediaItemCollection+Utils.m */,
			);
			name = lib;
			sourceTree = "<group>";
		};
		17396A1814E62B6E00F19B8C /* Session Manager */ = {
			isa = PBXGroup;
			children = (
				17396A1A14E62B9F00F19B8C /* RJSessionManager.h */,
				17396A1B14E62B9F00F19B8C /* RJSessionManager.m */,
			);
			name = "Session Manager";
			sourceTree = "<group>";
		};
		1789C15614D278110097CF81 /* Prototype UI */ = {
			isa = PBXGroup;
			children = (
				1792A77F14D5141E00D2EDC4 /* RJPlaylistViewController.h */,
				1792A78014D5141E00D2EDC4 /* RJPlaylistViewController.m */,
				1792A78114D5141E00D2EDC4 /* RJPlaylistViewController.xib */,
				1705DD6D14D63674009439D4 /* RJFirstViewController.h */,
				1705DD6E14D63674009439D4 /* RJFirstViewController.m */,
				1705DD6F14D63674009439D4 /* RJFourthViewController.h */,
				1705DD7014D63674009439D4 /* RJFourthViewController.m */,
				1705DD7114D63674009439D4 /* RJSecondViewController.h */,
				1705DD7214D63674009439D4 /* RJSecondViewController.m */,
				1705DD7314D63674009439D4 /* RJThirdViewController.h */,
				1705DD7414D63674009439D4 /* RJThirdViewController.m */,
				17D7581714E833CB008183B1 /* RJMusicPlayerInterface.h */,
				17D7581814E833CB008183B1 /* RJMusicPlayerInterface.m */,
				17D7581914E833CB008183B1 /* RJMusicPlayerInterface.xib */,
			);
			name = "Prototype UI";
			sourceTree = "<group>";
		};
		17ACB38F14789241008832E5 = {
			isa = PBXGroup;
			children = (
				178685BC14C7D4C4000EDF48 /* PayloadTranslator.h */,
				178685BD14C7D4C4000EDF48 /* PayloadTranslator.m */,
				17ACB3A414789242008832E5 /* PartyMix */,
				17ACB3D014789242008832E5 /* PartyMixTests */,
				17ACB39D14789242008832E5 /* Frameworks */,
				17ACB39B14789242008832E5 /* Products */,
			);
			sourceTree = "<group>";
		};
		17ACB39B14789242008832E5 /* Products */ = {
			isa = PBXGroup;
			children = (
				17ACB39A14789242008832E5 /* partymix.app */,
				17ACB3C914789242008832E5 /* PartyMixTests.octest */,
			);
			name = Products;
			sourceTree = "<group>";
		};
		17ACB39D14789242008832E5 /* Frameworks */ = {
			isa = PBXGroup;
			children = (
				17D8825814BFF631004D3722 /* CoreData.framework */,
				17040AA2148A120500231BD9 /* MediaPlayer.framework */,
				17ACB3E1147893B3008832E5 /* GameKit.framework */,
				17ACB39E14789242008832E5 /* UIKit.framework */,
				17ACB3A014789242008832E5 /* Foundation.framework */,
				17ACB3A214789242008832E5 /* CoreGraphics.framework */,
				17ACB3CA14789242008832E5 /* SenTestingKit.framework */,
			);
			name = Frameworks;
			sourceTree = "<group>";
		};
		17ACB3A414789242008832E5 /* PartyMix */ = {
			isa = PBXGroup;
			children = (
				17020C3614F7402B008A2DB3 /* Music Manager */,
				17396A1814E62B6E00F19B8C /* Session Manager */,
				1789C15614D278110097CF81 /* Prototype UI */,
				17D8824514BE8BBA004D3722 /* Data Model */,
				17040AA5148AF98C00231BD9 /* lib */,
				17ACB3AD14789242008832E5 /* RJAppDelegate.h */,
				17ACB3AE14789242008832E5 /* RJAppDelegate.m */,
				17ACB3B014789242008832E5 /* MainStoryboard_iPhone.storyboard */,
				17ACB3B314789242008832E5 /* MainStoryboard_iPad.storyboard */,
				17ACB3B914789242008832E5 /* first.png */,
				17ACB3BB14789242008832E5 /* first@2x.png */,
				17ACB3C014789242008832E5 /* second.png */,
				17ACB3C214789242008832E5 /* second@2x.png */,
				17ACB3A514789242008832E5 /* Supporting Files */,
			);
			path = PartyMix;
			sourceTree = "<group>";
		};
		17ACB3A514789242008832E5 /* Supporting Files */ = {
			isa = PBXGroup;
			children = (
				17FCA61914C01077004DDAA8 /* FetchedResultsBackedTableViewController.h */,
				17FCA61A14C01077004DDAA8 /* FetchedResultsBackedTableViewController.m */,
				178685C014C7E29A000EDF48 /* common.h */,
				17ACB3A614789242008832E5 /* PartyMix-Info.plist */,
				17ACB3A714789242008832E5 /* InfoPlist.strings */,
				17ACB3AA14789242008832E5 /* main.m */,
				17ACB3AC14789242008832E5 /* PartyMix-Prefix.pch */,
			);
			name = "Supporting Files";
			sourceTree = "<group>";
		};
		17ACB3D014789242008832E5 /* PartyMixTests */ = {
			isa = PBXGroup;
			children = (
				17ACB3D614789242008832E5 /* PartyMixTests.h */,
				17ACB3D714789242008832E5 /* PartyMixTests.m */,
				17ACB3D114789242008832E5 /* Supporting Files */,
			);
			path = PartyMixTests;
			sourceTree = "<group>";
		};
		17ACB3D114789242008832E5 /* Supporting Files */ = {
			isa = PBXGroup;
			children = (
				17ACB3D214789242008832E5 /* PartyMixTests-Info.plist */,
				17ACB3D314789242008832E5 /* InfoPlist.strings */,
			);
			name = "Supporting Files";
			sourceTree = "<group>";
		};
		17D8824514BE8BBA004D3722 /* Data Model */ = {
			isa = PBXGroup;
			children = (
				17D8824A14BE914F004D3722 /* Generated Data Model */,
				17D8824714BE8D8F004D3722 /* DataModel.xcdatamodeld */,
				17D8825114BFF07D004D3722 /* DataModel.h */,
				17D8825214BFF07D004D3722 /* DataModel.m */,
				17FCA61514C00BD8004DDAA8 /* MediaItem+Additions.h */,
				17FCA61614C00BD8004DDAA8 /* MediaItem+Additions.m */,
			);
			name = "Data Model";
			sourceTree = "<group>";
		};
		17D8824A14BE914F004D3722 /* Generated Data Model */ = {
			isa = PBXGroup;
			children = (
				171D65AA150B219F00537231 /* Device.h */,
				171D65AB150B219F00537231 /* Device.m */,
				17020C3314F4A99B008A2DB3 /* Playlist.h */,
				17020C3414F4A99B008A2DB3 /* Playlist.m */,
				17020C2C14F36B10008A2DB3 /* MediaItem.h */,
				17020C2D14F36B10008A2DB3 /* MediaItem.m */,
				1792A78714D519B000D2EDC4 /* PlaylistItem.h */,
				1792A78814D519B000D2EDC4 /* PlaylistItem.m */,
			);
			name = "Generated Data Model";
			sourceTree = "<group>";
		};
/* End PBXGroup section */

/* Begin PBXNativeTarget section */
		17ACB39914789242008832E5 /* PartyMix */ = {
			isa = PBXNativeTarget;
			buildConfigurationList = 17ACB3DB14789242008832E5 /* Build configuration list for PBXNativeTarget "PartyMix" */;
			buildPhases = (
				17ACB39614789242008832E5 /* Sources */,
				17ACB39714789242008832E5 /* Frameworks */,
				17ACB39814789242008832E5 /* Resources */,
			);
			buildRules = (
			);
			dependencies = (
			);
			name = PartyMix;
			productName = PartyMix;
			productReference = 17ACB39A14789242008832E5 /* partymix.app */;
			productType = "com.apple.product-type.application";
		};
		17ACB3C814789242008832E5 /* PartyMixTests */ = {
			isa = PBXNativeTarget;
			buildConfigurationList = 17ACB3DE14789242008832E5 /* Build configuration list for PBXNativeTarget "PartyMixTests" */;
			buildPhases = (
				17ACB3C414789242008832E5 /* Sources */,
				17ACB3C514789242008832E5 /* Frameworks */,
				17ACB3C614789242008832E5 /* Resources */,
				17ACB3C714789242008832E5 /* ShellScript */,
			);
			buildRules = (
			);
			dependencies = (
				17ACB3CF14789242008832E5 /* PBXTargetDependency */,
			);
			name = PartyMixTests;
			productName = PartyMixTests;
			productReference = 17ACB3C914789242008832E5 /* PartyMixTests.octest */;
			productType = "com.apple.product-type.bundle";
		};
/* End PBXNativeTarget section */

/* Begin PBXProject section */
		17ACB39114789241008832E5 /* Project object */ = {
			isa = PBXProject;
			attributes = {
				LastUpgradeCheck = 0420;
			};
			buildConfigurationList = 17ACB39414789241008832E5 /* Build configuration list for PBXProject "PartyMix" */;
			compatibilityVersion = "Xcode 3.2";
			developmentRegion = English;
			hasScannedForEncodings = 0;
			knownRegions = (
				en,
			);
			mainGroup = 17ACB38F14789241008832E5;
			productRefGroup = 17ACB39B14789242008832E5 /* Products */;
			projectDirPath = "";
			projectRoot = "";
			targets = (
				17ACB39914789242008832E5 /* PartyMix */,
				17ACB3C814789242008832E5 /* PartyMixTests */,
			);
		};
/* End PBXProject section */

/* Begin PBXResourcesBuildPhase section */
		17ACB39814789242008832E5 /* Resources */ = {
			isa = PBXResourcesBuildPhase;
			buildActionMask = 2147483647;
			files = (
				17ACB3A914789242008832E5 /* InfoPlist.strings in Resources */,
				17ACB3B214789242008832E5 /* MainStoryboard_iPhone.storyboard in Resources */,
				17ACB3B514789242008832E5 /* MainStoryboard_iPad.storyboard in Resources */,
				17ACB3BA14789242008832E5 /* first.png in Resources */,
				17ACB3BC14789242008832E5 /* first@2x.png in Resources */,
				17ACB3C114789242008832E5 /* second.png in Resources */,
				17ACB3C314789242008832E5 /* second@2x.png in Resources */,
				1792A78314D5141E00D2EDC4 /* RJPlaylistViewController.xib in Resources */,
				17D7581B14E833CB008183B1 /* RJMusicPlayerInterface.xib in Resources */,
			);
			runOnlyForDeploymentPostprocessing = 0;
		};
		17ACB3C614789242008832E5 /* Resources */ = {
			isa = PBXResourcesBuildPhase;
			buildActionMask = 2147483647;
			files = (
				17ACB3D514789242008832E5 /* InfoPlist.strings in Resources */,
			);
			runOnlyForDeploymentPostprocessing = 0;
		};
/* End PBXResourcesBuildPhase section */

/* Begin PBXShellScriptBuildPhase section */
		17ACB3C714789242008832E5 /* ShellScript */ = {
			isa = PBXShellScriptBuildPhase;
			buildActionMask = 2147483647;
			files = (
			);
			inputPaths = (
			);
			outputPaths = (
			);
			runOnlyForDeploymentPostprocessing = 0;
			shellPath = /bin/sh;
			shellScript = "# Run the unit tests in this test bundle.\n\"${SYSTEM_DEVELOPER_DIR}/Tools/RunUnitTests\"\n";
		};
/* End PBXShellScriptBuildPhase section */

/* Begin PBXSourcesBuildPhase section */
		17ACB39614789242008832E5 /* Sources */ = {
			isa = PBXSourcesBuildPhase;
			buildActionMask = 2147483647;
			files = (
				17ACB3AB14789242008832E5 /* main.m in Sources */,
				17ACB3AF14789242008832E5 /* RJAppDelegate.m in Sources */,
				175CDCCB148AFA7300B385E8 /* NSArray+PageableArray.m in Sources */,
				17D8824914BE8D8F004D3722 /* DataModel.xcdatamodeld in Sources */,
				17D8825314BFF07D004D3722 /* DataModel.m in Sources */,
				17FCA61714C00BD8004DDAA8 /* MediaItem+Additions.m in Sources */,
				17FCA61B14C01077004DDAA8 /* FetchedResultsBackedTableViewController.m in Sources */,
				178685BE14C7D4C4000EDF48 /* PayloadTranslator.m in Sources */,
				1792A78214D5141E00D2EDC4 /* RJPlaylistViewController.m in Sources */,
				1792A78914D519B100D2EDC4 /* PlaylistItem.m in Sources */,
				1705DD7514D63674009439D4 /* RJFirstViewController.m in Sources */,
				1705DD7614D63674009439D4 /* RJFourthViewController.m in Sources */,
				1705DD7714D63674009439D4 /* RJSecondViewController.m in Sources */,
				1705DD7814D63674009439D4 /* RJThirdViewController.m in Sources */,
				17396A1C14E62B9F00F19B8C /* RJSessionManager.m in Sources */,
				17D7581A14E833CB008183B1 /* RJMusicPlayerInterface.m in Sources */,
				17D7581F14E83971008183B1 /* UIFactory.m in Sources */,
				1738DDD514EE1A5E00D5AF21 /* MPMediaItemCollection+Utils.m in Sources */,
				17020C2E14F36B10008A2DB3 /* MediaItem.m in Sources */,
				17020C3514F4A99B008A2DB3 /* Playlist.m in Sources */,
				17020C3914F7404E008A2DB3 /* RJMusicManager.m in Sources */,
				171D65AC150B219F00537231 /* Device.m in Sources */,
			);
			runOnlyForDeploymentPostprocessing = 0;
		};
		17ACB3C414789242008832E5 /* Sources */ = {
			isa = PBXSourcesBuildPhase;
			buildActionMask = 2147483647;
			files = (
				17ACB3D814789242008832E5 /* PartyMixTests.m in Sources */,
				175CDCCC148AFA7300B385E8 /* NSArray+PageableArray.m in Sources */,
				17FCA61814C00BD8004DDAA8 /* MediaItem+Additions.m in Sources */,
				17FCA61C14C01077004DDAA8 /* FetchedResultsBackedTableViewController.m in Sources */,
				178685BF14C7D4C4000EDF48 /* PayloadTranslator.m in Sources */,
			);
			runOnlyForDeploymentPostprocessing = 0;
		};
/* End PBXSourcesBuildPhase section */

/* Begin PBXTargetDependency section */
		17ACB3CF14789242008832E5 /* PBXTargetDependency */ = {
			isa = PBXTargetDependency;
			target = 17ACB39914789242008832E5 /* PartyMix */;
			targetProxy = 17ACB3CE14789242008832E5 /* PBXContainerItemProxy */;
		};
/* End PBXTargetDependency section */

/* Begin PBXVariantGroup section */
		17ACB3A714789242008832E5 /* InfoPlist.strings */ = {
			isa = PBXVariantGroup;
			children = (
				17ACB3A814789242008832E5 /* en */,
			);
			name = InfoPlist.strings;
			sourceTree = "<group>";
		};
		17ACB3B014789242008832E5 /* MainStoryboard_iPhone.storyboard */ = {
			isa = PBXVariantGroup;
			children = (
				17ACB3B114789242008832E5 /* en */,
			);
			name = MainStoryboard_iPhone.storyboard;
			sourceTree = "<group>";
		};
		17ACB3B314789242008832E5 /* MainStoryboard_iPad.storyboard */ = {
			isa = PBXVariantGroup;
			children = (
				17ACB3B414789242008832E5 /* en */,
			);
			name = MainStoryboard_iPad.storyboard;
			sourceTree = "<group>";
		};
		17ACB3D314789242008832E5 /* InfoPlist.strings */ = {
			isa = PBXVariantGroup;
			children = (
				17ACB3D414789242008832E5 /* en */,
			);
			name = InfoPlist.strings;
			sourceTree = "<group>";
		};
/* End PBXVariantGroup section */

/* Begin XCBuildConfiguration section */
		17ACB3D914789242008832E5 /* Debug */ = {
			isa = XCBuildConfiguration;
			buildSettings = {
				ALWAYS_SEARCH_USER_PATHS = NO;
				ARCHS = "$(ARCHS_STANDARD_32_BIT)";
				"CODE_SIGN_IDENTITY[sdk=iphoneos*]" = "iPhone Developer: roderic campbell (6453R9QR3T)";
				COPY_PHASE_STRIP = NO;
				GCC_C_LANGUAGE_STANDARD = gnu99;
				GCC_DYNAMIC_NO_PIC = NO;
				GCC_OPTIMIZATION_LEVEL = 0;
				GCC_PREPROCESSOR_DEFINITIONS = (
					"DEBUG=1",
					"$(inherited)",
				);
				GCC_SYMBOLS_PRIVATE_EXTERN = NO;
				GCC_VERSION = com.apple.compilers.llvm.clang.1_0;
				GCC_WARN_ABOUT_MISSING_PROTOTYPES = YES;
				GCC_WARN_ABOUT_RETURN_TYPE = YES;
				GCC_WARN_UNUSED_VARIABLE = YES;
				IPHONEOS_DEPLOYMENT_TARGET = 5.0;
				PRODUCT_NAME = "";
				"PROVISIONING_PROFILE[sdk=iphoneos*]" = "2FA20A8E-FB77-4C1E-A0A7-B44CE6C4FA5F";
				SDKROOT = iphoneos;
				TARGETED_DEVICE_FAMILY = "1,2";
			};
			name = Debug;
		};
		17ACB3DA14789242008832E5 /* Release */ = {
			isa = XCBuildConfiguration;
			buildSettings = {
				ALWAYS_SEARCH_USER_PATHS = NO;
				ARCHS = "$(ARCHS_STANDARD_32_BIT)";
				"CODE_SIGN_IDENTITY[sdk=iphoneos*]" = "iPhone Developer";
				COPY_PHASE_STRIP = YES;
				GCC_C_LANGUAGE_STANDARD = gnu99;
				GCC_VERSION = com.apple.compilers.llvm.clang.1_0;
				GCC_WARN_ABOUT_MISSING_PROTOTYPES = YES;
				GCC_WARN_ABOUT_RETURN_TYPE = YES;
				GCC_WARN_UNUSED_VARIABLE = YES;
				IPHONEOS_DEPLOYMENT_TARGET = 5.0;
				OTHER_CFLAGS = "-DNS_BLOCK_ASSERTIONS=1";
				PRODUCT_NAME = "";
				SDKROOT = iphoneos;
				TARGETED_DEVICE_FAMILY = "1,2";
				VALIDATE_PRODUCT = YES;
			};
			name = Release;
		};
		17ACB3DC14789242008832E5 /* Debug */ = {
			isa = XCBuildConfiguration;
			buildSettings = {
				GCC_PRECOMPILE_PREFIX_HEADER = YES;
				GCC_PREFIX_HEADER = "PartyMix/PartyMix-Prefix.pch";
				INFOPLIST_FILE = "PartyMix/PartyMix-Info.plist";
				PRODUCT_NAME = partymix;
				WRAPPER_EXTENSION = app;
			};
			name = Debug;
		};
		17ACB3DD14789242008832E5 /* Release */ = {
			isa = XCBuildConfiguration;
			buildSettings = {
				GCC_PRECOMPILE_PREFIX_HEADER = YES;
				GCC_PREFIX_HEADER = "PartyMix/PartyMix-Prefix.pch";
				INFOPLIST_FILE = "PartyMix/PartyMix-Info.plist";
				PRODUCT_NAME = partymix;
				WRAPPER_EXTENSION = app;
			};
			name = Release;
		};
		17ACB3DF14789242008832E5 /* Debug */ = {
			isa = XCBuildConfiguration;
			buildSettings = {
				BUNDLE_LOADER = "$(BUILT_PRODUCTS_DIR)/PartyMix.app/PartyMix";
				FRAMEWORK_SEARCH_PATHS = (
					"$(SDKROOT)/Developer/Library/Frameworks",
					"$(DEVELOPER_LIBRARY_DIR)/Frameworks",
				);
				GCC_PRECOMPILE_PREFIX_HEADER = YES;
				GCC_PREFIX_HEADER = "PartyMix/PartyMix-Prefix.pch";
				INFOPLIST_FILE = "PartyMixTests/PartyMixTests-Info.plist";
				PRODUCT_NAME = "$(TARGET_NAME)";
				TEST_HOST = "$(BUNDLE_LOADER)";
				WRAPPER_EXTENSION = octest;
			};
			name = Debug;
		};
		17ACB3E014789242008832E5 /* Release */ = {
			isa = XCBuildConfiguration;
			buildSettings = {
				BUNDLE_LOADER = "$(BUILT_PRODUCTS_DIR)/PartyMix.app/PartyMix";
				FRAMEWORK_SEARCH_PATHS = (
					"$(SDKROOT)/Developer/Library/Frameworks",
					"$(DEVELOPER_LIBRARY_DIR)/Frameworks",
				);
				GCC_PRECOMPILE_PREFIX_HEADER = YES;
				GCC_PREFIX_HEADER = "PartyMix/PartyMix-Prefix.pch";
				INFOPLIST_FILE = "PartyMixTests/PartyMixTests-Info.plist";
				PRODUCT_NAME = "$(TARGET_NAME)";
				TEST_HOST = "$(BUNDLE_LOADER)";
				WRAPPER_EXTENSION = octest;
			};
			name = Release;
		};
/* End XCBuildConfiguration section */

/* Begin XCConfigurationList section */
		17ACB39414789241008832E5 /* Build configuration list for PBXProject "PartyMix" */ = {
			isa = XCConfigurationList;
			buildConfigurations = (
				17ACB3D914789242008832E5 /* Debug */,
				17ACB3DA14789242008832E5 /* Release */,
			);
			defaultConfigurationIsVisible = 0;
			defaultConfigurationName = Release;
		};
		17ACB3DB14789242008832E5 /* Build configuration list for PBXNativeTarget "PartyMix" */ = {
			isa = XCConfigurationList;
			buildConfigurations = (
				17ACB3DC14789242008832E5 /* Debug */,
				17ACB3DD14789242008832E5 /* Release */,
			);
			defaultConfigurationIsVisible = 0;
			defaultConfigurationName = Release;
		};
		17ACB3DE14789242008832E5 /* Build configuration list for PBXNativeTarget "PartyMixTests" */ = {
			isa = XCConfigurationList;
			buildConfigurations = (
				17ACB3DF14789242008832E5 /* Debug */,
				17ACB3E014789242008832E5 /* Release */,
			);
			defaultConfigurationIsVisible = 0;
			defaultConfigurationName = Release;
		};
/* End XCConfigurationList section */

/* Begin XCVersionGroup section */
		17D8824714BE8D8F004D3722 /* DataModel.xcdatamodeld */ = {
			isa = XCVersionGroup;
			children = (
				17D8824814BE8D8F004D3722 /* DataModel.xcdatamodel */,
			);
			currentVersion = 17D8824814BE8D8F004D3722 /* DataModel.xcdatamodel */;
			name = DataModel.xcdatamodeld;
			path = DataModel/DataModel.xcdatamodeld;
			sourceTree = "<group>";
			versionGroupType = wrapper.xcdatamodel;
		};
/* End XCVersionGroup section */
	};
	rootObject = 17ACB39114789241008832E5 /* Project object */;
}
